// !$*UTF8*$!
{
	archiveVersion = 1;
	classes = {
	};
	objectVersion = 46;
	objects = {

/* Begin PBXBuildFile section */
		506CF9CF15AB6A3600A839F4 /* sample_1kHz_44100Hz_16bit_05sec.wav in Resources */ = {isa = PBXBuildFile; fileRef = 506CF9CE15AB6A3600A839F4 /* sample_1kHz_44100Hz_16bit_05sec.wav */; };
		5097FA5015B0A086005C6175 /* 1.wav in Resources */ = {isa = PBXBuildFile; fileRef = 5097FA3015B0A086005C6175 /* 1.wav */; };
		5097FA5115B0A086005C6175 /* 2.wav in Resources */ = {isa = PBXBuildFile; fileRef = 5097FA3115B0A086005C6175 /* 2.wav */; };
		5097FA5215B0A086005C6175 /* 3.wav in Resources */ = {isa = PBXBuildFile; fileRef = 5097FA3215B0A086005C6175 /* 3.wav */; };
		5097FA5315B0A086005C6175 /* 4.wav in Resources */ = {isa = PBXBuildFile; fileRef = 5097FA3315B0A086005C6175 /* 4.wav */; };
		5097FA5415B0A086005C6175 /* 5.wav in Resources */ = {isa = PBXBuildFile; fileRef = 5097FA3415B0A086005C6175 /* 5.wav */; };
		5097FA5515B0A086005C6175 /* 6.wav in Resources */ = {isa = PBXBuildFile; fileRef = 5097FA3515B0A086005C6175 /* 6.wav */; };
		5097FA5615B0A086005C6175 /* 7.wav in Resources */ = {isa = PBXBuildFile; fileRef = 5097FA3615B0A086005C6175 /* 7.wav */; };
		5097FA5715B0A086005C6175 /* 8.wav in Resources */ = {isa = PBXBuildFile; fileRef = 5097FA3715B0A086005C6175 /* 8.wav */; };
		5097FA5815B0A086005C6175 /* 9.wav in Resources */ = {isa = PBXBuildFile; fileRef = 5097FA3815B0A086005C6175 /* 9.wav */; };
		5097FA5915B0A086005C6175 /* A.wav in Resources */ = {isa = PBXBuildFile; fileRef = 5097FA3915B0A086005C6175 /* A.wav */; };
		5097FA5A15B0A086005C6175 /* B.wav in Resources */ = {isa = PBXBuildFile; fileRef = 5097FA3A15B0A086005C6175 /* B.wav */; };
		5097FA5B15B0A086005C6175 /* C.wav in Resources */ = {isa = PBXBuildFile; fileRef = 5097FA3B15B0A086005C6175 /* C.wav */; };
		5097FA5C15B0A086005C6175 /* D.wav in Resources */ = {isa = PBXBuildFile; fileRef = 5097FA3C15B0A086005C6175 /* D.wav */; };
		5097FA5D15B0A086005C6175 /* E.wav in Resources */ = {isa = PBXBuildFile; fileRef = 5097FA3D15B0A086005C6175 /* E.wav */; };
		5097FA5E15B0A086005C6175 /* F.wav in Resources */ = {isa = PBXBuildFile; fileRef = 5097FA3E15B0A086005C6175 /* F.wav */; };
		5097FA5F15B0A086005C6175 /* G.wav in Resources */ = {isa = PBXBuildFile; fileRef = 5097FA3F15B0A086005C6175 /* G.wav */; };
		5097FA6015B0A086005C6175 /* H.wav in Resources */ = {isa = PBXBuildFile; fileRef = 5097FA4015B0A086005C6175 /* H.wav */; };
		5097FA6115B0A086005C6175 /* J.wav in Resources */ = {isa = PBXBuildFile; fileRef = 5097FA4115B0A086005C6175 /* J.wav */; };
		5097FA6215B0A086005C6175 /* K.wav in Resources */ = {isa = PBXBuildFile; fileRef = 5097FA4215B0A086005C6175 /* K.wav */; };
		5097FA6315B0A086005C6175 /* L.wav in Resources */ = {isa = PBXBuildFile; fileRef = 5097FA4315B0A086005C6175 /* L.wav */; };
		5097FA6415B0A086005C6175 /* M.wav in Resources */ = {isa = PBXBuildFile; fileRef = 5097FA4415B0A086005C6175 /* M.wav */; };
		5097FA6515B0A086005C6175 /* P.wav in Resources */ = {isa = PBXBuildFile; fileRef = 5097FA4515B0A086005C6175 /* P.wav */; };
		5097FA6615B0A086005C6175 /* Q.wav in Resources */ = {isa = PBXBuildFile; fileRef = 5097FA4615B0A086005C6175 /* Q.wav */; };
		5097FA6715B0A086005C6175 /* R.wav in Resources */ = {isa = PBXBuildFile; fileRef = 5097FA4715B0A086005C6175 /* R.wav */; };
		5097FA6815B0A086005C6175 /* S.wav in Resources */ = {isa = PBXBuildFile; fileRef = 5097FA4815B0A086005C6175 /* S.wav */; };
		5097FA6A15B0A086005C6175 /* U.wav in Resources */ = {isa = PBXBuildFile; fileRef = 5097FA4A15B0A086005C6175 /* U.wav */; };
		5097FA6B15B0A086005C6175 /* V.wav in Resources */ = {isa = PBXBuildFile; fileRef = 5097FA4B15B0A086005C6175 /* V.wav */; };
		5097FA6C15B0A086005C6175 /* W.wav in Resources */ = {isa = PBXBuildFile; fileRef = 5097FA4C15B0A086005C6175 /* W.wav */; };
		5097FA6D15B0A086005C6175 /* X.wav in Resources */ = {isa = PBXBuildFile; fileRef = 5097FA4D15B0A086005C6175 /* X.wav */; };
		5097FA6E15B0A086005C6175 /* Y.wav in Resources */ = {isa = PBXBuildFile; fileRef = 5097FA4E15B0A086005C6175 /* Y.wav */; };
		5097FA6F15B0A086005C6175 /* Z.wav in Resources */ = {isa = PBXBuildFile; fileRef = 5097FA4F15B0A086005C6175 /* Z.wav */; };
		5097FA7115B0A71B005C6175 /* T.wav in Resources */ = {isa = PBXBuildFile; fileRef = 5097FA7015B0A71B005C6175 /* T.wav */; };
		50B5FF2715920DB80002121F /* UIKit.framework in Frameworks */ = {isa = PBXBuildFile; fileRef = 50B5FF2615920DB80002121F /* UIKit.framework */; };
		50B5FF2915920DB80002121F /* Foundation.framework in Frameworks */ = {isa = PBXBuildFile; fileRef = 50B5FF2815920DB80002121F /* Foundation.framework */; };
		50B5FF2B15920DB80002121F /* CoreGraphics.framework in Frameworks */ = {isa = PBXBuildFile; fileRef = 50B5FF2A15920DB80002121F /* CoreGraphics.framework */; };
		50B5FF3115920DB80002121F /* InfoPlist.strings in Resources */ = {isa = PBXBuildFile; fileRef = 50B5FF2F15920DB80002121F /* InfoPlist.strings */; };
		50B5FF3315920DB80002121F /* main.m in Sources */ = {isa = PBXBuildFile; fileRef = 50B5FF3215920DB80002121F /* main.m */; };
		50B5FF3715920DB80002121F /* AppDelegate.m in Sources */ = {isa = PBXBuildFile; fileRef = 50B5FF3615920DB80002121F /* AppDelegate.m */; };
		50B5FF3A15920DB80002121F /* MainStoryboard_iPhone.storyboard in Resources */ = {isa = PBXBuildFile; fileRef = 50B5FF3815920DB80002121F /* MainStoryboard_iPhone.storyboard */; };
		50B5FF3D15920DB90002121F /* MainStoryboard_iPad.storyboard in Resources */ = {isa = PBXBuildFile; fileRef = 50B5FF3B15920DB80002121F /* MainStoryboard_iPad.storyboard */; };
		50B5FF4015920DB90002121F /* ViewController.m in Sources */ = {isa = PBXBuildFile; fileRef = 50B5FF3F15920DB90002121F /* ViewController.m */; };
		50B5FF5715923DF20002121F /* AVFoundation.framework in Frameworks */ = {isa = PBXBuildFile; fileRef = 50B5FF5615923DF20002121F /* AVFoundation.framework */; };
		50E5615C15B9A95E00C66FE6 /* SILENCE.wav in Resources */ = {isa = PBXBuildFile; fileRef = 50E5615B15B9A95E00C66FE6 /* SILENCE.wav */; };
/* End PBXBuildFile section */

/* Begin PBXFileReference section */
		506CF9CE15AB6A3600A839F4 /* sample_1kHz_44100Hz_16bit_05sec.wav */ = {isa = PBXFileReference; lastKnownFileType = audio.wav; path = sample_1kHz_44100Hz_16bit_05sec.wav; sourceTree = "<group>"; };
		5097FA3015B0A086005C6175 /* 1.wav */ = {isa = PBXFileReference; lastKnownFileType = audio.wav; path = 1.wav; sourceTree = "<group>"; };
		5097FA3115B0A086005C6175 /* 2.wav */ = {isa = PBXFileReference; lastKnownFileType = audio.wav; path = 2.wav; sourceTree = "<group>"; };
		5097FA3215B0A086005C6175 /* 3.wav */ = {isa = PBXFileReference; lastKnownFileType = audio.wav; path = 3.wav; sourceTree = "<group>"; };
		5097FA3315B0A086005C6175 /* 4.wav */ = {isa = PBXFileReference; lastKnownFileType = audio.wav; path = 4.wav; sourceTree = "<group>"; };
		5097FA3415B0A086005C6175 /* 5.wav */ = {isa = PBXFileReference; lastKnownFileType = audio.wav; path = 5.wav; sourceTree = "<group>"; };
		5097FA3515B0A086005C6175 /* 6.wav */ = {isa = PBXFileReference; lastKnownFileType = audio.wav; path = 6.wav; sourceTree = "<group>"; };
		5097FA3615B0A086005C6175 /* 7.wav */ = {isa = PBXFileReference; lastKnownFileType = audio.wav; path = 7.wav; sourceTree = "<group>"; };
		5097FA3715B0A086005C6175 /* 8.wav */ = {isa = PBXFileReference; lastKnownFileType = audio.wav; path = 8.wav; sourceTree = "<group>"; };
		5097FA3815B0A086005C6175 /* 9.wav */ = {isa = PBXFileReference; lastKnownFileType = audio.wav; path = 9.wav; sourceTree = "<group>"; };
		5097FA3915B0A086005C6175 /* A.wav */ = {isa = PBXFileReference; lastKnownFileType = audio.wav; path = A.wav; sourceTree = "<group>"; };
		5097FA3A15B0A086005C6175 /* B.wav */ = {isa = PBXFileReference; lastKnownFileType = audio.wav; path = B.wav; sourceTree = "<group>"; };
		5097FA3B15B0A086005C6175 /* C.wav */ = {isa = PBXFileReference; lastKnownFileType = audio.wav; path = C.wav; sourceTree = "<group>"; };
		5097FA3C15B0A086005C6175 /* D.wav */ = {isa = PBXFileReference; lastKnownFileType = audio.wav; path = D.wav; sourceTree = "<group>"; };
		5097FA3D15B0A086005C6175 /* E.wav */ = {isa = PBXFileReference; lastKnownFileType = audio.wav; path = E.wav; sourceTree = "<group>"; };
		5097FA3E15B0A086005C6175 /* F.wav */ = {isa = PBXFileReference; lastKnownFileType = audio.wav; path = F.wav; sourceTree = "<group>"; };
		5097FA3F15B0A086005C6175 /* G.wav */ = {isa = PBXFileReference; lastKnownFileType = audio.wav; path = G.wav; sourceTree = "<group>"; };
		5097FA4015B0A086005C6175 /* H.wav */ = {isa = PBXFileReference; lastKnownFileType = audio.wav; path = H.wav; sourceTree = "<group>"; };
		5097FA4115B0A086005C6175 /* J.wav */ = {isa = PBXFileReference; lastKnownFileType = audio.wav; path = J.wav; sourceTree = "<group>"; };
		5097FA4215B0A086005C6175 /* K.wav */ = {isa = PBXFileReference; lastKnownFileType = audio.wav; path = K.wav; sourceTree = "<group>"; };
		5097FA4315B0A086005C6175 /* L.wav */ = {isa = PBXFileReference; lastKnownFileType = audio.wav; path = L.wav; sourceTree = "<group>"; };
		5097FA4415B0A086005C6175 /* M.wav */ = {isa = PBXFileReference; lastKnownFileType = audio.wav; path = M.wav; sourceTree = "<group>"; };
		5097FA4515B0A086005C6175 /* P.wav */ = {isa = PBXFileReference; lastKnownFileType = audio.wav; path = P.wav; sourceTree = "<group>"; };
		5097FA4615B0A086005C6175 /* Q.wav */ = {isa = PBXFileReference; lastKnownFileType = audio.wav; path = Q.wav; sourceTree = "<group>"; };
		5097FA4715B0A086005C6175 /* R.wav */ = {isa = PBXFileReference; lastKnownFileType = audio.wav; path = R.wav; sourceTree = "<group>"; };
		5097FA4815B0A086005C6175 /* S.wav */ = {isa = PBXFileReference; lastKnownFileType = audio.wav; path = S.wav; sourceTree = "<group>"; };
		5097FA4A15B0A086005C6175 /* U.wav */ = {isa = PBXFileReference; lastKnownFileType = audio.wav; path = U.wav; sourceTree = "<group>"; };
		5097FA4B15B0A086005C6175 /* V.wav */ = {isa = PBXFileReference; lastKnownFileType = audio.wav; path = V.wav; sourceTree = "<group>"; };
		5097FA4C15B0A086005C6175 /* W.wav */ = {isa = PBXFileReference; lastKnownFileType = audio.wav; path = W.wav; sourceTree = "<group>"; };
		5097FA4D15B0A086005C6175 /* X.wav */ = {isa = PBXFileReference; lastKnownFileType = audio.wav; path = X.wav; sourceTree = "<group>"; };
		5097FA4E15B0A086005C6175 /* Y.wav */ = {isa = PBXFileReference; lastKnownFileType = audio.wav; path = Y.wav; sourceTree = "<group>"; };
		5097FA4F15B0A086005C6175 /* Z.wav */ = {isa = PBXFileReference; lastKnownFileType = audio.wav; path = Z.wav; sourceTree = "<group>"; };
		5097FA7015B0A71B005C6175 /* T.wav */ = {isa = PBXFileReference; lastKnownFileType = audio.wav; path = T.wav; sourceTree = "<group>"; };
		50B5FF2215920DB80002121F /* SelCalToneGenerator.app */ = {isa = PBXFileReference; explicitFileType = wrapper.application; includeInIndex = 0; path = SelCalToneGenerator.app; sourceTree = BUILT_PRODUCTS_DIR; };
		50B5FF2615920DB80002121F /* UIKit.framework */ = {isa = PBXFileReference; lastKnownFileType = wrapper.framework; name = UIKit.framework; path = System/Library/Frameworks/UIKit.framework; sourceTree = SDKROOT; };
		50B5FF2815920DB80002121F /* Foundation.framework */ = {isa = PBXFileReference; lastKnownFileType = wrapper.framework; name = Foundation.framework; path = System/Library/Frameworks/Foundation.framework; sourceTree = SDKROOT; };
		50B5FF2A15920DB80002121F /* CoreGraphics.framework */ = {isa = PBXFileReference; lastKnownFileType = wrapper.framework; name = CoreGraphics.framework; path = System/Library/Frameworks/CoreGraphics.framework; sourceTree = SDKROOT; };
		50B5FF2E15920DB80002121F /* SelCalToneGenerator-Info.plist */ = {isa = PBXFileReference; lastKnownFileType = text.plist.xml; path = "SelCalToneGenerator-Info.plist"; sourceTree = "<group>"; };
		50B5FF3015920DB80002121F /* en */ = {isa = PBXFileReference; lastKnownFileType = text.plist.strings; name = en; path = en.lproj/InfoPlist.strings; sourceTree = "<group>"; };
		50B5FF3215920DB80002121F /* main.m */ = {isa = PBXFileReference; lastKnownFileType = sourcecode.c.objc; path = main.m; sourceTree = "<group>"; };
		50B5FF3415920DB80002121F /* SelCalToneGenerator-Prefix.pch */ = {isa = PBXFileReference; lastKnownFileType = sourcecode.c.h; path = "SelCalToneGenerator-Prefix.pch"; sourceTree = "<group>"; };
		50B5FF3515920DB80002121F /* AppDelegate.h */ = {isa = PBXFileReference; lastKnownFileType = sourcecode.c.h; path = AppDelegate.h; sourceTree = "<group>"; };
		50B5FF3615920DB80002121F /* AppDelegate.m */ = {isa = PBXFileReference; lastKnownFileType = sourcecode.c.objc; path = AppDelegate.m; sourceTree = "<group>"; };
		50B5FF3915920DB80002121F /* en */ = {isa = PBXFileReference; lastKnownFileType = file.storyboard; name = en; path = en.lproj/MainStoryboard_iPhone.storyboard; sourceTree = "<group>"; };
		50B5FF3C15920DB90002121F /* en */ = {isa = PBXFileReference; lastKnownFileType = file.storyboard; name = en; path = en.lproj/MainStoryboard_iPad.storyboard; sourceTree = "<group>"; };
		50B5FF3E15920DB90002121F /* ViewController.h */ = {isa = PBXFileReference; lastKnownFileType = sourcecode.c.h; path = ViewController.h; sourceTree = "<group>"; };
		50B5FF3F15920DB90002121F /* ViewController.m */ = {isa = PBXFileReference; lastKnownFileType = sourcecode.c.objc; path = ViewController.m; sourceTree = "<group>"; };
		50B5FF5615923DF20002121F /* AVFoundation.framework */ = {isa = PBXFileReference; lastKnownFileType = wrapper.framework; name = AVFoundation.framework; path = System/Library/Frameworks/AVFoundation.framework; sourceTree = SDKROOT; };
		50E5615B15B9A95E00C66FE6 /* SILENCE.wav */ = {isa = PBXFileReference; lastKnownFileType = audio.wav; path = SILENCE.wav; sourceTree = "<group>"; };
/* End PBXFileReference section */

/* Begin PBXFrameworksBuildPhase section */
		50B5FF1F15920DB80002121F /* Frameworks */ = {
			isa = PBXFrameworksBuildPhase;
			buildActionMask = 2147483647;
			files = (
				50B5FF5715923DF20002121F /* AVFoundation.framework in Frameworks */,
				50B5FF2715920DB80002121F /* UIKit.framework in Frameworks */,
				50B5FF2915920DB80002121F /* Foundation.framework in Frameworks */,
				50B5FF2B15920DB80002121F /* CoreGraphics.framework in Frameworks */,
			);
			runOnlyForDeploymentPostprocessing = 0;
		};
/* End PBXFrameworksBuildPhase section */

/* Begin PBXGroup section */
		5097FA2F15B0A086005C6175 /* SELCAL_TONES */ = {
			isa = PBXGroup;
			children = (
				5097FA3015B0A086005C6175 /* 1.wav */,
				5097FA3115B0A086005C6175 /* 2.wav */,
				5097FA3215B0A086005C6175 /* 3.wav */,
				5097FA3315B0A086005C6175 /* 4.wav */,
				5097FA3415B0A086005C6175 /* 5.wav */,
				5097FA3515B0A086005C6175 /* 6.wav */,
				5097FA3615B0A086005C6175 /* 7.wav */,
				5097FA3715B0A086005C6175 /* 8.wav */,
				5097FA3815B0A086005C6175 /* 9.wav */,
				5097FA3915B0A086005C6175 /* A.wav */,
				5097FA3A15B0A086005C6175 /* B.wav */,
				5097FA3B15B0A086005C6175 /* C.wav */,
				5097FA3C15B0A086005C6175 /* D.wav */,
				5097FA3D15B0A086005C6175 /* E.wav */,
				5097FA3E15B0A086005C6175 /* F.wav */,
				5097FA3F15B0A086005C6175 /* G.wav */,
				5097FA4015B0A086005C6175 /* H.wav */,
				5097FA4115B0A086005C6175 /* J.wav */,
				5097FA4215B0A086005C6175 /* K.wav */,
				5097FA4315B0A086005C6175 /* L.wav */,
				5097FA4415B0A086005C6175 /* M.wav */,
				5097FA4515B0A086005C6175 /* P.wav */,
				5097FA4615B0A086005C6175 /* Q.wav */,
				5097FA4715B0A086005C6175 /* R.wav */,
				5097FA4815B0A086005C6175 /* S.wav */,
				50E5615B15B9A95E00C66FE6 /* SILENCE.wav */,
				5097FA7015B0A71B005C6175 /* T.wav */,
				5097FA4A15B0A086005C6175 /* U.wav */,
				5097FA4B15B0A086005C6175 /* V.wav */,
				5097FA4C15B0A086005C6175 /* W.wav */,
				5097FA4D15B0A086005C6175 /* X.wav */,
				5097FA4E15B0A086005C6175 /* Y.wav */,
				5097FA4F15B0A086005C6175 /* Z.wav */,
			);
			path = SELCAL_TONES;
			sourceTree = "<group>";
		};
		50B5FF1715920DB80002121F = {
			isa = PBXGroup;
			children = (
				50B5FF2C15920DB80002121F /* SelCalToneGenerator */,
				50B5FF2515920DB80002121F /* Frameworks */,
				50B5FF2315920DB80002121F /* Products */,
			);
			sourceTree = "<group>";
		};
		50B5FF2315920DB80002121F /* Products */ = {
			isa = PBXGroup;
			children = (
				50B5FF2215920DB80002121F /* SelCalToneGenerator.app */,
			);
			name = Products;
			sourceTree = "<group>";
		};
		50B5FF2515920DB80002121F /* Frameworks */ = {
			isa = PBXGroup;
			children = (
				50B5FF5615923DF20002121F /* AVFoundation.framework */,
				50B5FF2615920DB80002121F /* UIKit.framework */,
				50B5FF2815920DB80002121F /* Foundation.framework */,
				50B5FF2A15920DB80002121F /* CoreGraphics.framework */,
			);
			name = Frameworks;
			sourceTree = "<group>";
		};
		50B5FF2C15920DB80002121F /* SelCalToneGenerator */ = {
			isa = PBXGroup;
			children = (
				50B5FF3515920DB80002121F /* AppDelegate.h */,
				50B5FF3615920DB80002121F /* AppDelegate.m */,
				50B5FF3815920DB80002121F /* MainStoryboard_iPhone.storyboard */,
				50B5FF3B15920DB80002121F /* MainStoryboard_iPad.storyboard */,
				50B5FF3E15920DB90002121F /* ViewController.h */,
				50B5FF3F15920DB90002121F /* ViewController.m */,
				50B5FF2D15920DB80002121F /* Supporting Files */,
			);
			path = SelCalToneGenerator;
			sourceTree = "<group>";
		};
		50B5FF2D15920DB80002121F /* Supporting Files */ = {
			isa = PBXGroup;
			children = (
				5097FA2F15B0A086005C6175 /* SELCAL_TONES */,
				50B5FF2E15920DB80002121F /* SelCalToneGenerator-Info.plist */,
				50B5FF2F15920DB80002121F /* InfoPlist.strings */,
				50B5FF3215920DB80002121F /* main.m */,
				50B5FF3415920DB80002121F /* SelCalToneGenerator-Prefix.pch */,
				506CF9CE15AB6A3600A839F4 /* sample_1kHz_44100Hz_16bit_05sec.wav */,
			);
			name = "Supporting Files";
			sourceTree = "<group>";
		};
/* End PBXGroup section */

/* Begin PBXNativeTarget section */
		50B5FF2115920DB80002121F /* SelCalToneGenerator */ = {
			isa = PBXNativeTarget;
			buildConfigurationList = 50B5FF4315920DB90002121F /* Build configuration list for PBXNativeTarget "SelCalToneGenerator" */;
			buildPhases = (
				50B5FF1E15920DB80002121F /* Sources */,
				50B5FF1F15920DB80002121F /* Frameworks */,
				50B5FF2015920DB80002121F /* Resources */,
			);
			buildRules = (
			);
			dependencies = (
			);
			name = SelCalToneGenerator;
			productName = SelCalToneGenerator;
			productReference = 50B5FF2215920DB80002121F /* SelCalToneGenerator.app */;
			productType = "com.apple.product-type.application";
		};
/* End PBXNativeTarget section */

/* Begin PBXProject section */
		50B5FF1915920DB80002121F /* Project object */ = {
			isa = PBXProject;
			attributes = {
				LastUpgradeCheck = 0420;
				ORGANIZATIONNAME = "Gables Engineering";
			};
			buildConfigurationList = 50B5FF1C15920DB80002121F /* Build configuration list for PBXProject "SelCalToneGenerator" */;
			compatibilityVersion = "Xcode 3.2";
			developmentRegion = English;
			hasScannedForEncodings = 0;
			knownRegions = (
				en,
			);
			mainGroup = 50B5FF1715920DB80002121F;
			productRefGroup = 50B5FF2315920DB80002121F /* Products */;
			projectDirPath = "";
			projectRoot = "";
			targets = (
				50B5FF2115920DB80002121F /* SelCalToneGenerator */,
			);
		};
/* End PBXProject section */

/* Begin PBXResourcesBuildPhase section */
		50B5FF2015920DB80002121F /* Resources */ = {
			isa = PBXResourcesBuildPhase;
			buildActionMask = 2147483647;
			files = (
				50B5FF3115920DB80002121F /* InfoPlist.strings in Resources */,
				50B5FF3A15920DB80002121F /* MainStoryboard_iPhone.storyboard in Resources */,
				50B5FF3D15920DB90002121F /* MainStoryboard_iPad.storyboard in Resources */,
				506CF9CF15AB6A3600A839F4 /* sample_1kHz_44100Hz_16bit_05sec.wav in Resources */,
				5097FA5015B0A086005C6175 /* 1.wav in Resources */,
				5097FA5115B0A086005C6175 /* 2.wav in Resources */,
				5097FA5215B0A086005C6175 /* 3.wav in Resources */,
				5097FA5315B0A086005C6175 /* 4.wav in Resources */,
				5097FA5415B0A086005C6175 /* 5.wav in Resources */,
				5097FA5515B0A086005C6175 /* 6.wav in Resources */,
				5097FA5615B0A086005C6175 /* 7.wav in Resources */,
				5097FA5715B0A086005C6175 /* 8.wav in Resources */,
				5097FA5815B0A086005C6175 /* 9.wav in Resources */,
				5097FA5915B0A086005C6175 /* A.wav in Resources */,
				5097FA5A15B0A086005C6175 /* B.wav in Resources */,
				5097FA5B15B0A086005C6175 /* C.wav in Resources */,
				5097FA5C15B0A086005C6175 /* D.wav in Resources */,
				5097FA5D15B0A086005C6175 /* E.wav in Resources */,
				5097FA5E15B0A086005C6175 /* F.wav in Resources */,
				5097FA5F15B0A086005C6175 /* G.wav in Resources */,
				5097FA6015B0A086005C6175 /* H.wav in Resources */,
				5097FA6115B0A086005C6175 /* J.wav in Resources */,
				5097FA6215B0A086005C6175 /* K.wav in Resources */,
				5097FA6315B0A086005C6175 /* L.wav in Resources */,
				5097FA6415B0A086005C6175 /* M.wav in Resources */,
				5097FA6515B0A086005C6175 /* P.wav in Resources */,
				5097FA6615B0A086005C6175 /* Q.wav in Resources */,
				5097FA6715B0A086005C6175 /* R.wav in Resources */,
				5097FA6815B0A086005C6175 /* S.wav in Resources */,
				5097FA6A15B0A086005C6175 /* U.wav in Resources */,
				5097FA6B15B0A086005C6175 /* V.wav in Resources */,
				5097FA6C15B0A086005C6175 /* W.wav in Resources */,
				5097FA6D15B0A086005C6175 /* X.wav in Resources */,
				5097FA6E15B0A086005C6175 /* Y.wav in Resources */,
				5097FA6F15B0A086005C6175 /* Z.wav in Resources */,
				5097FA7115B0A71B005C6175 /* T.wav in Resources */,
				50E5615C15B9A95E00C66FE6 /* SILENCE.wav in Resources */,
			);
			runOnlyForDeploymentPostprocessing = 0;
		};
/* End PBXResourcesBuildPhase section */

/* Begin PBXSourcesBuildPhase section */
		50B5FF1E15920DB80002121F /* Sources */ = {
			isa = PBXSourcesBuildPhase;
			buildActionMask = 2147483647;
			files = (
				50B5FF3315920DB80002121F /* main.m in Sources */,
				50B5FF3715920DB80002121F /* AppDelegate.m in Sources */,
				50B5FF4015920DB90002121F /* ViewController.m in Sources */,
			);
			runOnlyForDeploymentPostprocessing = 0;
		};
/* End PBXSourcesBuildPhase section */

/* Begin PBXVariantGroup section */
		50B5FF2F15920DB80002121F /* InfoPlist.strings */ = {
			isa = PBXVariantGroup;
			children = (
				50B5FF3015920DB80002121F /* en */,
			);
			name = InfoPlist.strings;
			sourceTree = "<group>";
		};
		50B5FF3815920DB80002121F /* MainStoryboard_iPhone.storyboard */ = {
			isa = PBXVariantGroup;
			children = (
				50B5FF3915920DB80002121F /* en */,
			);
			name = MainStoryboard_iPhone.storyboard;
			sourceTree = "<group>";
		};
		50B5FF3B15920DB80002121F /* MainStoryboard_iPad.storyboard */ = {
			isa = PBXVariantGroup;
			children = (
				50B5FF3C15920DB90002121F /* en */,
			);
			name = MainStoryboard_iPad.storyboard;
			sourceTree = "<group>";
		};
/* End PBXVariantGroup section */

/* Begin XCBuildConfiguration section */
		50B5FF4115920DB90002121F /* Debug */ = {
			isa = XCBuildConfiguration;
			buildSettings = {
				ALWAYS_SEARCH_USER_PATHS = NO;
				ARCHS = "$(ARCHS_STANDARD_32_BIT)";
				CLANG_ENABLE_OBJC_ARC = YES;
				"CODE_SIGN_IDENTITY[sdk=iphoneos*]" = "iPhone Developer";
				COPY_PHASE_STRIP = NO;
				GCC_C_LANGUAGE_STANDARD = gnu99;
				GCC_DYNAMIC_NO_PIC = NO;
				GCC_OPTIMIZATION_LEVEL = 0;
				GCC_PREPROCESSOR_DEFINITIONS = (
					"DEBUG=1",
					"$(inherited)",
				);
				GCC_SYMBOLS_PRIVATE_EXTERN = NO;
				GCC_VERSION = com.apple.compilers.llvm.clang.1_0;
				GCC_WARN_ABOUT_MISSING_PROTOTYPES = YES;
				GCC_WARN_ABOUT_RETURN_TYPE = YES;
				GCC_WARN_UNUSED_VARIABLE = YES;
				IPHONEOS_DEPLOYMENT_TARGET = 5.0;
				SDKROOT = iphoneos;
				TARGETED_DEVICE_FAMILY = "1,2";
			};
			name = Debug;
		};
		50B5FF4215920DB90002121F /* Release */ = {
			isa = XCBuildConfiguration;
			buildSettings = {
				ALWAYS_SEARCH_USER_PATHS = NO;
				ARCHS = "$(ARCHS_STANDARD_32_BIT)";
				CLANG_ENABLE_OBJC_ARC = YES;
				"CODE_SIGN_IDENTITY[sdk=iphoneos*]" = "iPhone Developer";
				COPY_PHASE_STRIP = YES;
				GCC_C_LANGUAGE_STANDARD = gnu99;
				GCC_VERSION = com.apple.compilers.llvm.clang.1_0;
				GCC_WARN_ABOUT_MISSING_PROTOTYPES = YES;
				GCC_WARN_ABOUT_RETURN_TYPE = YES;
				GCC_WARN_UNUSED_VARIABLE = YES;
				IPHONEOS_DEPLOYMENT_TARGET = 5.0;
				OTHER_CFLAGS = "-DNS_BLOCK_ASSERTIONS=1";
				SDKROOT = iphoneos;
				TARGETED_DEVICE_FAMILY = "1,2";
				VALIDATE_PRODUCT = YES;
			};
			name = Release;
		};
		50B5FF4415920DB90002121F /* Debug */ = {
			isa = XCBuildConfiguration;
			buildSettings = {
				GCC_PRECOMPILE_PREFIX_HEADER = YES;
				GCC_PREFIX_HEADER = "SelCalToneGenerator/SelCalToneGenerator-Prefix.pch";
				INFOPLIST_FILE = "SelCalToneGenerator/SelCalToneGenerator-Info.plist";
				PRODUCT_NAME = "$(TARGET_NAME)";
				WRAPPER_EXTENSION = app;
			};
			name = Debug;
		};
		50B5FF4515920DB90002121F /* Release */ = {
			isa = XCBuildConfiguration;
			buildSettings = {
				GCC_PRECOMPILE_PREFIX_HEADER = YES;
				GCC_PREFIX_HEADER = "SelCalToneGenerator/SelCalToneGenerator-Prefix.pch";
				INFOPLIST_FILE = "SelCalToneGenerator/SelCalToneGenerator-Info.plist";
				PRODUCT_NAME = "$(TARGET_NAME)";
				WRAPPER_EXTENSION = app;
			};
			name = Release;
		};
/* End XCBuildConfiguration section */

/* Begin XCConfigurationList section */
		50B5FF1C15920DB80002121F /* Build configuration list for PBXProject "SelCalToneGenerator" */ = {
			isa = XCConfigurationList;
			buildConfigurations = (
				50B5FF4115920DB90002121F /* Debug */,
				50B5FF4215920DB90002121F /* Release */,
			);
			defaultConfigurationIsVisible = 0;
			defaultConfigurationName = Release;
		};
		50B5FF4315920DB90002121F /* Build configuration list for PBXNativeTarget "SelCalToneGenerator" */ = {
			isa = XCConfigurationList;
			buildConfigurations = (
				50B5FF4415920DB90002121F /* Debug */,
				50B5FF4515920DB90002121F /* Release */,
			);
			defaultConfigurationIsVisible = 0;
			defaultConfigurationName = Release;
		};
/* End XCConfigurationList section */
	};
	rootObject = 50B5FF1915920DB80002121F /* Project object */;
}
